
Microsoft Visual Studio Solution File, Format Version 12.00
# Visual Studio 15
VisualStudioVersion = 15.0.27703.2026
MinimumVisualStudioVersion = 10.0.40219.1
Project("{FAE04EC0-301F-11D3-BF4B-00C04F79EFBC}") = "WebApiAuth", "WebApiAuth\WebApiAuth.csproj", "{7EC1FDA7-959A-43D9-93EC-012E0ACC2B27}"
EndProject
Global
	GlobalSection(SolutionConfigurationPlatforms) = preSolution
		Debug|Any CPU = Debug|Any CPU
		Release|Any CPU = Release|Any CPU
	EndGlobalSection
	GlobalSection(ProjectConfigurationPlatforms) = postSolution
		{7EC1FDA7-959A-43D9-93EC-012E0ACC2B27}.Debug|Any CPU.ActiveCfg = Debug|Any CPU
		{7EC1FDA7-959A-43D9-93EC-012E0ACC2B27}.Debug|Any CPU.Build.0 = Debug|Any CPU
		{7EC1FDA7-959A-43D9-93EC-012E0ACC2B27}.Release|Any CPU.ActiveCfg = Release|Any CPU
		{7EC1FDA7-959A-43D9-93EC-012E0ACC2B27}.Release|Any CPU.Build.0 = Release|Any CPU
	EndGlobalSection
	GlobalSection(SolutionProperties) = preSolution
		HideSolutionNode = FALSE
	EndGlobalSection
	GlobalSection(ExtensibilityGlobals) = postSolution
		SolutionGuid = {11DE060A-A31D-439F-8317-E321E7230F44}
	EndGlobalSection
EndGlobal
