
Microsoft Visual Studio Solution File, Format Version 12.00
# Visual Studio 15
VisualStudioVersion = 15.0.28010.2046
MinimumVisualStudioVersion = 10.0.40219.1
Project("{FAE04EC0-301F-11D3-BF4B-00C04F79EFBC}") = "X509SigningAndEncryption", "X509SigningAndEncryption.csproj", "{AAE04419-D5B0-4226-8B1E-D507118A71C2}"
EndProject
Global
	GlobalSection(SolutionConfigurationPlatforms) = preSolution
		Debug|Any CPU = Debug|Any CPU
		Release|Any CPU = Release|Any CPU
	EndGlobalSection
	GlobalSection(ProjectConfigurationPlatforms) = postSolution
		{AAE04419-D5B0-4226-8B1E-D507118A71C2}.Debug|Any CPU.ActiveCfg = Debug|Any CPU
		{AAE04419-D5B0-4226-8B1E-D507118A71C2}.Debug|Any CPU.Build.0 = Debug|Any CPU
		{AAE04419-D5B0-4226-8B1E-D507118A71C2}.Release|Any CPU.ActiveCfg = Release|Any CPU
		{AAE04419-D5B0-4226-8B1E-D507118A71C2}.Release|Any CPU.Build.0 = Release|Any CPU
	EndGlobalSection
	GlobalSection(SolutionProperties) = preSolution
		HideSolutionNode = FALSE
	EndGlobalSection
	GlobalSection(ExtensibilityGlobals) = postSolution
		SolutionGuid = {65DAC8E3-6DB5-46AB-AD4B-9C8F48D14C2D}
	EndGlobalSection
EndGlobal
